
Microsoft Visual Studio Solution File, Format Version 11.00
# Visual Studio 2010
Project("{FAE04EC0-301F-11D3-BF4B-00C04F79EFBC}") = "ScriptableObject-Architecture", "ScriptableObject-Architecture.csproj", "{d3ba3c52-5054-95f3-f773-d78a07090992}"
EndProject
Project("{FAE04EC0-301F-11D3-BF4B-00C04F79EFBC}") = "Assembly-CSharp", "Assembly-CSharp.csproj", "{a1f30d9c-acbc-f7d2-e484-fd34b01a6339}"
EndProject
Project("{FAE04EC0-301F-11D3-BF4B-00C04F79EFBC}") = "ScriptableObject-Architecture.Editor", "ScriptableObject-Architecture.Editor.csproj", "{8ac187bc-59bb-ae85-9b13-17b241d26d6c}"
EndProject
Global
	GlobalSection(SolutionConfigurationPlatforms) = preSolution
		Debug|Any CPU = Debug|Any CPU
		Release|Any CPU = Release|Any CPU
	EndGlobalSection
	GlobalSection(ProjectConfigurationPlatforms) = postSolution
		{d3ba3c52-5054-95f3-f773-d78a07090992}.Debug|Any CPU.ActiveCfg = Debug|Any CPU
		{d3ba3c52-5054-95f3-f773-d78a07090992}.Debug|Any CPU.Build.0 = Debug|Any CPU
		{d3ba3c52-5054-95f3-f773-d78a07090992}.Release|Any CPU.ActiveCfg = Release|Any CPU
		{d3ba3c52-5054-95f3-f773-d78a07090992}.Release|Any CPU.Build.0 = Release|Any CPU
		{a1f30d9c-acbc-f7d2-e484-fd34b01a6339}.Debug|Any CPU.ActiveCfg = Debug|Any CPU
		{a1f30d9c-acbc-f7d2-e484-fd34b01a6339}.Debug|Any CPU.Build.0 = Debug|Any CPU
		{a1f30d9c-acbc-f7d2-e484-fd34b01a6339}.Release|Any CPU.ActiveCfg = Release|Any CPU
		{a1f30d9c-acbc-f7d2-e484-fd34b01a6339}.Release|Any CPU.Build.0 = Release|Any CPU
		{8ac187bc-59bb-ae85-9b13-17b241d26d6c}.Debug|Any CPU.ActiveCfg = Debug|Any CPU
		{8ac187bc-59bb-ae85-9b13-17b241d26d6c}.Debug|Any CPU.Build.0 = Debug|Any CPU
		{8ac187bc-59bb-ae85-9b13-17b241d26d6c}.Release|Any CPU.ActiveCfg = Release|Any CPU
		{8ac187bc-59bb-ae85-9b13-17b241d26d6c}.Release|Any CPU.Build.0 = Release|Any CPU
	EndGlobalSection
	GlobalSection(SolutionProperties) = preSolution
		HideSolutionNode = FALSE
	EndGlobalSection
EndGlobal
